<?xml version="1.0" encoding="utf-8"?>
<Project ToolsVersion="4.0" xmlns="http://schemas.microsoft.com/developer/msbuild/2003">
  <ItemGroup>
    <Filter Include="Aqua">
      <UniqueIdentifier>{4DA4827C-39DB-830D-E2C7-6910CEDDFF0E}</UniqueIdentifier>
    </Filter>
    <Filter Include="Aqua\Events">
      <UniqueIdentifier>{91D7E41D-FD8C-5D13-8681-57EAF2355417}</UniqueIdentifier>
    </Filter>
  </ItemGroup>
  <ItemGroup>
    <ClInclude Include="src\Aqua.h" />
    <ClInclude Include="src\Aqua\Application.h">
      <Filter>Aqua</Filter>
    </ClInclude>
    <ClInclude Include="src\Aqua\Core.h">
      <Filter>Aqua</Filter>
    </ClInclude>
    <ClInclude Include="src\Aqua\EntryPoint.h">
      <Filter>Aqua</Filter>
    </ClInclude>
    <ClInclude Include="src\Aqua\Events\ApplicationEvent.h">
      <Filter>Aqua\Events</Filter>
    </ClInclude>
    <ClInclude Include="src\Aqua\Events\Event.h">
      <Filter>Aqua\Events</Filter>
    </ClInclude>
    <ClInclude Include="src\Aqua\Events\KeyEvent.h">
      <Filter>Aqua\Events</Filter>
    </ClInclude>
    <ClInclude Include="src\Aqua\Events\MouseEvent.h">
      <Filter>Aqua\Events</Filter>
    </ClInclude>
    <ClInclude Include="src\Aqua\Log.h">
      <Filter>Aqua</Filter>
    </ClInclude>
  </ItemGroup>
  <ItemGroup>
    <ClCompile Include="src\Aqua\Application.cpp">
      <Filter>Aqua</Filter>
    </ClCompile>
    <ClCompile Include="src\Aqua\Log.cpp">
      <Filter>Aqua</Filter>
    </ClCompile>
  </ItemGroup>
</Project>